
Microsoft Visual Studio Solution File, Format Version 12.00
# Visual Studio Version 17
VisualStudioVersion = 17.3.32804.467
MinimumVisualStudioVersion = 10.0.40219.1
Project("{2150E333-8FDC-42A3-9474-1A3956D46DE8}") = "src", "src", "{80EAA04E-35B0-4CB2-9F4E-68E2D5DE6494}"
EndProject
Project("{2150E333-8FDC-42A3-9474-1A3956D46DE8}") = "tests", "tests", "{1B9C690D-F979-42C0-A570-49E0DFD06237}"
EndProject
Project("{9A19103F-16F7-4668-BE54-9A1E7A4F7556}") = "FC.Codeflix.Catalog.UnitTests", "tests\FC.Codeflix.Catalog.UnitTests\FC.Codeflix.Catalog.UnitTests.csproj", "{0F73F8BA-46B9-462E-8A9B-F6A145897834}"
EndProject
Project("{9A19103F-16F7-4668-BE54-9A1E7A4F7556}") = "FC.Codeflix.Catalog.Domain", "src\FC.Codeflix.Catalog.Domain\FC.Codeflix.Catalog.Domain.csproj", "{153A04CD-C96E-4F49-B0B7-092BD95A9389}"
EndProject
Project("{FAE04EC0-301F-11D3-BF4B-00C04F79EFBC}") = "FC.Codeflix.Catalog.Application", "src\FC.Codeflix.Catalog.Application\FC.Codeflix.Catalog.Application.csproj", "{D5E4122A-F32D-4068-AD15-D68A26C77899}"
EndProject
Global
	GlobalSection(SolutionConfigurationPlatforms) = preSolution
		Debug|Any CPU = Debug|Any CPU
		Release|Any CPU = Release|Any CPU
	EndGlobalSection
	GlobalSection(ProjectConfigurationPlatforms) = postSolution
		{0F73F8BA-46B9-462E-8A9B-F6A145897834}.Debug|Any CPU.ActiveCfg = Debug|Any CPU
		{0F73F8BA-46B9-462E-8A9B-F6A145897834}.Debug|Any CPU.Build.0 = Debug|Any CPU
		{0F73F8BA-46B9-462E-8A9B-F6A145897834}.Release|Any CPU.ActiveCfg = Release|Any CPU
		{0F73F8BA-46B9-462E-8A9B-F6A145897834}.Release|Any CPU.Build.0 = Release|Any CPU
		{153A04CD-C96E-4F49-B0B7-092BD95A9389}.Debug|Any CPU.ActiveCfg = Debug|Any CPU
		{153A04CD-C96E-4F49-B0B7-092BD95A9389}.Debug|Any CPU.Build.0 = Debug|Any CPU
		{153A04CD-C96E-4F49-B0B7-092BD95A9389}.Release|Any CPU.ActiveCfg = Release|Any CPU
		{153A04CD-C96E-4F49-B0B7-092BD95A9389}.Release|Any CPU.Build.0 = Release|Any CPU
		{D5E4122A-F32D-4068-AD15-D68A26C77899}.Debug|Any CPU.ActiveCfg = Debug|Any CPU
		{D5E4122A-F32D-4068-AD15-D68A26C77899}.Debug|Any CPU.Build.0 = Debug|Any CPU
		{D5E4122A-F32D-4068-AD15-D68A26C77899}.Release|Any CPU.ActiveCfg = Release|Any CPU
		{D5E4122A-F32D-4068-AD15-D68A26C77899}.Release|Any CPU.Build.0 = Release|Any CPU
	EndGlobalSection
	GlobalSection(SolutionProperties) = preSolution
		HideSolutionNode = FALSE
	EndGlobalSection
	GlobalSection(NestedProjects) = preSolution
		{0F73F8BA-46B9-462E-8A9B-F6A145897834} = {1B9C690D-F979-42C0-A570-49E0DFD06237}
		{153A04CD-C96E-4F49-B0B7-092BD95A9389} = {80EAA04E-35B0-4CB2-9F4E-68E2D5DE6494}
		{D5E4122A-F32D-4068-AD15-D68A26C77899} = {80EAA04E-35B0-4CB2-9F4E-68E2D5DE6494}
	EndGlobalSection
	GlobalSection(ExtensibilityGlobals) = postSolution
		SolutionGuid = {D560CC9B-2B97-49A8-9B8C-B7F5ED5A07DD}
	EndGlobalSection
EndGlobal
